<Solution>
  <Project Path="core/__ServiceName__.Domain/__ServiceName__.Domain.csproj" />
  <Project Path="core/__ServiceName__.Application/__ServiceName__.Application.csproj" />
  <Project Path="infrastructure/__ServiceName__.Persistence/__ServiceName__.Infrastructure.Persistence.csproj" />
  <Project Path="presentation/__ServiceName__.WebApi/__ServiceName__.Api.csproj" />
</Solution>
